
Microsoft Visual Studio Solution File, Format Version 12.00
# Visual Studio 15
VisualStudioVersion = 15.0.28307.852
MinimumVisualStudioVersion = 10.0.40219.1
Project("{FAE04EC0-301F-11D3-BF4B-00C04F79EFBC}") = "Paint.Android", "Paint\Paint.Android\Paint.Android.csproj", "{EB2D75DA-2AF5-48FD-8732-A00696A32DD7}"
EndProject
Project("{FAE04EC0-301F-11D3-BF4B-00C04F79EFBC}") = "Paint", "Paint\Paint\Paint.csproj", "{8885C8AF-219B-4D5A-9A56-FA0ACEA69B98}"
EndProject
Global
	GlobalSection(SolutionConfigurationPlatforms) = preSolution
		Debug|Any CPU = Debug|Any CPU
		Release|Any CPU = Release|Any CPU
	EndGlobalSection
	GlobalSection(ProjectConfigurationPlatforms) = postSolution
		{EB2D75DA-2AF5-48FD-8732-A00696A32DD7}.Debug|Any CPU.ActiveCfg = Debug|Any CPU
		{EB2D75DA-2AF5-48FD-8732-A00696A32DD7}.Debug|Any CPU.Build.0 = Debug|Any CPU
		{EB2D75DA-2AF5-48FD-8732-A00696A32DD7}.Debug|Any CPU.Deploy.0 = Debug|Any CPU
		{EB2D75DA-2AF5-48FD-8732-A00696A32DD7}.Release|Any CPU.ActiveCfg = Release|Any CPU
		{EB2D75DA-2AF5-48FD-8732-A00696A32DD7}.Release|Any CPU.Build.0 = Release|Any CPU
		{EB2D75DA-2AF5-48FD-8732-A00696A32DD7}.Release|Any CPU.Deploy.0 = Release|Any CPU
		{8885C8AF-219B-4D5A-9A56-FA0ACEA69B98}.Debug|Any CPU.ActiveCfg = Debug|Any CPU
		{8885C8AF-219B-4D5A-9A56-FA0ACEA69B98}.Debug|Any CPU.Build.0 = Debug|Any CPU
		{8885C8AF-219B-4D5A-9A56-FA0ACEA69B98}.Debug|Any CPU.Deploy.0 = Debug|Any CPU
		{8885C8AF-219B-4D5A-9A56-FA0ACEA69B98}.Release|Any CPU.ActiveCfg = Release|Any CPU
		{8885C8AF-219B-4D5A-9A56-FA0ACEA69B98}.Release|Any CPU.Build.0 = Release|Any CPU
		{8885C8AF-219B-4D5A-9A56-FA0ACEA69B98}.Release|Any CPU.Deploy.0 = Release|Any CPU
	EndGlobalSection
	GlobalSection(SolutionProperties) = preSolution
		HideSolutionNode = FALSE
	EndGlobalSection
	GlobalSection(ExtensibilityGlobals) = postSolution
		SolutionGuid = {CCB360A1-4B5F-467E-8CEA-F345308453AB}
	EndGlobalSection
EndGlobal
